{
  "name": "employee-management-system",
  "version": "1.0.0",
  "description": "A modern web application for administrators to perform CRUD operations on employee records with authentication and validation.",
  "main": "app.js",
  "scripts": {
    "start": "node app.js",
    "dev": "nodemon app.js"
  },
  "keywords": [
    "employee",
    "management",
    "CRUD",
    "Node.js",
    "Express",
    "MongoDB",
    "JWT"
  ],
  "author": "Mistiremariam Girma",
  "license": "MIT",
  "dependencies": {
    "bcryptjs": "^2.4.3",
    "cors": "^2.8.5",
    "dotenv": "^16.3.1",
    "express": "^4.18.2",
    "express-validator": "^7.0.1",
    "jsonwebtoken": "^9.0.2",
    "mongoose": "^7.5.0"
  },
  "devDependencies": {
    "nodemon": "^3.0.1"
  }
}
